# This file is automatically @generated by Cargo.
# It is not intended for manual editing.
version = 4

[[package]]
name = "lifeline"
version = "0.1.0"
dependencies = [
 "lifeline-calfresh",
 "lifeline-program",
]

[[package]]
name = "lifeline-calfresh"
version = "0.1.0"

[[package]]
name = "lifeline-program"
version = "0.1.0"
